
Microsoft Visual Studio Solution File, Format Version 12.00
# Visual Studio Version 16
VisualStudioVersion = 16.0.30413.136
MinimumVisualStudioVersion = 10.0.40219.1
Project("{FAE04EC0-301F-11D3-BF4B-00C04F79EFBC}") = "Studio2", "Studio2\Studio2.csproj", "{3748FB43-E84A-4D68-943A-C22DD933FB1C}"
EndProject
Global
	GlobalSection(SolutionConfigurationPlatforms) = preSolution
		Debug|Any CPU = Debug|Any CPU
		Release|Any CPU = Release|Any CPU
	EndGlobalSection
	GlobalSection(ProjectConfigurationPlatforms) = postSolution
		{3748FB43-E84A-4D68-943A-C22DD933FB1C}.Debug|Any CPU.ActiveCfg = Debug|Any CPU
		{3748FB43-E84A-4D68-943A-C22DD933FB1C}.Debug|Any CPU.Build.0 = Debug|Any CPU
		{3748FB43-E84A-4D68-943A-C22DD933FB1C}.Release|Any CPU.ActiveCfg = Release|Any CPU
		{3748FB43-E84A-4D68-943A-C22DD933FB1C}.Release|Any CPU.Build.0 = Release|Any CPU
	EndGlobalSection
	GlobalSection(SolutionProperties) = preSolution
		HideSolutionNode = FALSE
	EndGlobalSection
	GlobalSection(ExtensibilityGlobals) = postSolution
		SolutionGuid = {EBEE33B9-F975-42FB-8C1E-644CF3C35354}
	EndGlobalSection
EndGlobal
